// !$*UTF8*$!
{
	archiveVersion = 1;
	classes = {
	};
	objectVersion = 50;
	objects = {

/* Begin PBXBuildFile section */
		5F4495852459EAB6002EBD38 /* AppDelegate.swift in Sources */ = {isa = PBXBuildFile; fileRef = 5F4495842459EAB6002EBD38 /* AppDelegate.swift */; };
		5F4495872459EAB6002EBD38 /* SceneDelegate.swift in Sources */ = {isa = PBXBuildFile; fileRef = 5F4495862459EAB6002EBD38 /* SceneDelegate.swift */; };
		5F4495892459EAB6002EBD38 /* ViewController.swift in Sources */ = {isa = PBXBuildFile; fileRef = 5F4495882459EAB6002EBD38 /* ViewController.swift */; };
		5F44958C2459EAB6002EBD38 /* Main.storyboard in Resources */ = {isa = PBXBuildFile; fileRef = 5F44958A2459EAB6002EBD38 /* Main.storyboard */; };
		5F44958E2459EAB8002EBD38 /* Assets.xcassets in Resources */ = {isa = PBXBuildFile; fileRef = 5F44958D2459EAB8002EBD38 /* Assets.xcassets */; };
		5F4495912459EAB8002EBD38 /* LaunchScreen.storyboard in Resources */ = {isa = PBXBuildFile; fileRef = 5F44958F2459EAB8002EBD38 /* LaunchScreen.storyboard */; };
		5FDFEA932459EC190005A807 /* ResearchKit.framework in Frameworks */ = {isa = PBXBuildFile; fileRef = 5FDFEA8E2459EBEB0005A807 /* ResearchKit.framework */; };
		5FDFEA942459EC190005A807 /* ResearchKit.framework in Embed Frameworks */ = {isa = PBXBuildFile; fileRef = 5FDFEA8E2459EBEB0005A807 /* ResearchKit.framework */; settings = {ATTRIBUTES = (CodeSignOnCopy, RemoveHeadersOnCopy, ); }; };
/* End PBXBuildFile section */

/* Begin PBXContainerItemProxy section */
		5FDFEA8D2459EBEB0005A807 /* PBXContainerItemProxy */ = {
			isa = PBXContainerItemProxy;
			containerPortal = 5FDFEA872459EBEB0005A807 /* ResearchKit.xcodeproj */;
			proxyType = 2;
			remoteGlobalIDString = B183A5951A8535D100C76870;
			remoteInfo = ResearchKit;
		};
		5FDFEA8F2459EBEB0005A807 /* PBXContainerItemProxy */ = {
			isa = PBXContainerItemProxy;
			containerPortal = 5FDFEA872459EBEB0005A807 /* ResearchKit.xcodeproj */;
			proxyType = 2;
			remoteGlobalIDString = 86CC8E9A1AC09332001CCD89;
			remoteInfo = ResearchKitTests;
		};
		5FDFEA962459ED820005A807 /* PBXContainerItemProxy */ = {
			isa = PBXContainerItemProxy;
			containerPortal = 5FDFEA872459EBEB0005A807 /* ResearchKit.xcodeproj */;
			proxyType = 1;
			remoteGlobalIDString = B183A4731A8535D100C76870;
			remoteInfo = ResearchKit;
		};
/* End PBXContainerItemProxy section */

/* Begin PBXCopyFilesBuildPhase section */
		5FDFEA952459EC190005A807 /* Embed Frameworks */ = {
			isa = PBXCopyFilesBuildPhase;
			buildActionMask = 2147483647;
			dstPath = "";
			dstSubfolderSpec = 10;
			files = (
				5FDFEA942459EC190005A807 /* ResearchKit.framework in Embed Frameworks */,
			);
			name = "Embed Frameworks";
			runOnlyForDeploymentPostprocessing = 0;
		};
/* End PBXCopyFilesBuildPhase section */

/* Begin PBXFileReference section */
		5F1EB1612459F69F005E8951 /* README.md */ = {isa = PBXFileReference; lastKnownFileType = net.daringfireball.markdown; path = README.md; sourceTree = "<group>"; };
		5F4495812459EAB6002EBD38 /* ResearchKitClient.app */ = {isa = PBXFileReference; explicitFileType = wrapper.application; includeInIndex = 0; path = ResearchKitClient.app; sourceTree = BUILT_PRODUCTS_DIR; };
		5F4495842459EAB6002EBD38 /* AppDelegate.swift */ = {isa = PBXFileReference; lastKnownFileType = sourcecode.swift; path = AppDelegate.swift; sourceTree = "<group>"; };
		5F4495862459EAB6002EBD38 /* SceneDelegate.swift */ = {isa = PBXFileReference; lastKnownFileType = sourcecode.swift; path = SceneDelegate.swift; sourceTree = "<group>"; };
		5F4495882459EAB6002EBD38 /* ViewController.swift */ = {isa = PBXFileReference; lastKnownFileType = sourcecode.swift; path = ViewController.swift; sourceTree = "<group>"; };
		5F44958B2459EAB6002EBD38 /* Base */ = {isa = PBXFileReference; lastKnownFileType = file.storyboard; name = Base; path = Base.lproj/Main.storyboard; sourceTree = "<group>"; };
		5F44958D2459EAB8002EBD38 /* Assets.xcassets */ = {isa = PBXFileReference; lastKnownFileType = folder.assetcatalog; path = Assets.xcassets; sourceTree = "<group>"; };
		5F4495902459EAB8002EBD38 /* Base */ = {isa = PBXFileReference; lastKnownFileType = file.storyboard; name = Base; path = Base.lproj/LaunchScreen.storyboard; sourceTree = "<group>"; };
		5F4495922459EAB8002EBD38 /* Info.plist */ = {isa = PBXFileReference; lastKnownFileType = text.plist.xml; path = Info.plist; sourceTree = "<group>"; };
		5FDFEA872459EBEB0005A807 /* ResearchKit.xcodeproj */ = {isa = PBXFileReference; lastKnownFileType = "wrapper.pb-project"; name = ResearchKit.xcodeproj; path = ResearchKit/ResearchKit.xcodeproj; sourceTree = "<group>"; };
/* End PBXFileReference section */

/* Begin PBXFrameworksBuildPhase section */
		5F44957E2459EAB6002EBD38 /* Frameworks */ = {
			isa = PBXFrameworksBuildPhase;
			buildActionMask = 2147483647;
			files = (
				5FDFEA932459EC190005A807 /* ResearchKit.framework in Frameworks */,
			);
			runOnlyForDeploymentPostprocessing = 0;
		};
/* End PBXFrameworksBuildPhase section */

/* Begin PBXGroup section */
		5F4495782459EAB6002EBD38 = {
			isa = PBXGroup;
			children = (
				5F1EB1612459F69F005E8951 /* README.md */,
				5FDFEA862459EBE60005A807 /* Submodules */,
				5F4495832459EAB6002EBD38 /* ResearchKitClient */,
				5F4495822459EAB6002EBD38 /* Products */,
				5FDFEA912459EBF70005A807 /* Frameworks */,
			);
			sourceTree = "<group>";
		};
		5F4495822459EAB6002EBD38 /* Products */ = {
			isa = PBXGroup;
			children = (
				5F4495812459EAB6002EBD38 /* ResearchKitClient.app */,
			);
			name = Products;
			sourceTree = "<group>";
		};
		5F4495832459EAB6002EBD38 /* ResearchKitClient */ = {
			isa = PBXGroup;
			children = (
				5F4495842459EAB6002EBD38 /* AppDelegate.swift */,
				5F4495862459EAB6002EBD38 /* SceneDelegate.swift */,
				5F4495882459EAB6002EBD38 /* ViewController.swift */,
				5F44958A2459EAB6002EBD38 /* Main.storyboard */,
				5F44958D2459EAB8002EBD38 /* Assets.xcassets */,
				5F44958F2459EAB8002EBD38 /* LaunchScreen.storyboard */,
				5F4495922459EAB8002EBD38 /* Info.plist */,
			);
			path = ResearchKitClient;
			sourceTree = "<group>";
		};
		5FDFEA862459EBE60005A807 /* Submodules */ = {
			isa = PBXGroup;
			children = (
				5FDFEA872459EBEB0005A807 /* ResearchKit.xcodeproj */,
			);
			name = Submodules;
			sourceTree = "<group>";
		};
		5FDFEA882459EBEB0005A807 /* Products */ = {
			isa = PBXGroup;
			children = (
				5FDFEA8E2459EBEB0005A807 /* ResearchKit.framework */,
				5FDFEA902459EBEB0005A807 /* ResearchKitTests.xctest */,
			);
			name = Products;
			sourceTree = "<group>";
		};
		5FDFEA912459EBF70005A807 /* Frameworks */ = {
			isa = PBXGroup;
			children = (
			);
			name = Frameworks;
			sourceTree = "<group>";
		};
/* End PBXGroup section */

/* Begin PBXNativeTarget section */
		5F4495802459EAB6002EBD38 /* ResearchKitClient */ = {
			isa = PBXNativeTarget;
			buildConfigurationList = 5F4495952459EAB8002EBD38 /* Build configuration list for PBXNativeTarget "ResearchKitClient" */;
			buildPhases = (
				5F44957D2459EAB6002EBD38 /* Sources */,
				5F44957E2459EAB6002EBD38 /* Frameworks */,
				5F44957F2459EAB6002EBD38 /* Resources */,
				5FDFEA952459EC190005A807 /* Embed Frameworks */,
			);
			buildRules = (
			);
			dependencies = (
				5FDFEA972459ED820005A807 /* PBXTargetDependency */,
			);
			name = ResearchKitClient;
			productName = ResearchKitClient;
			productReference = 5F4495812459EAB6002EBD38 /* ResearchKitClient.app */;
			productType = "com.apple.product-type.application";
		};
/* End PBXNativeTarget section */

/* Begin PBXProject section */
		5F4495792459EAB6002EBD38 /* Project object */ = {
			isa = PBXProject;
			attributes = {
				LastSwiftUpdateCheck = 1140;
				LastUpgradeCheck = 1140;
				ORGANIZATIONNAME = "Jim Correia";
				TargetAttributes = {
					5F4495802459EAB6002EBD38 = {
						CreatedOnToolsVersion = 11.4;
					};
				};
			};
			buildConfigurationList = 5F44957C2459EAB6002EBD38 /* Build configuration list for PBXProject "ResearchKitClient" */;
			compatibilityVersion = "Xcode 9.3";
			developmentRegion = en;
			hasScannedForEncodings = 0;
			knownRegions = (
				en,
				Base,
			);
			mainGroup = 5F4495782459EAB6002EBD38;
			productRefGroup = 5F4495822459EAB6002EBD38 /* Products */;
			projectDirPath = "";
			projectReferences = (
				{
					ProductGroup = 5FDFEA882459EBEB0005A807 /* Products */;
					ProjectRef = 5FDFEA872459EBEB0005A807 /* ResearchKit.xcodeproj */;
				},
			);
			projectRoot = "";
			targets = (
				5F4495802459EAB6002EBD38 /* ResearchKitClient */,
			);
		};
/* End PBXProject section */

/* Begin PBXReferenceProxy section */
		5FDFEA8E2459EBEB0005A807 /* ResearchKit.framework */ = {
			isa = PBXReferenceProxy;
			fileType = wrapper.framework;
			path = ResearchKit.framework;
			remoteRef = 5FDFEA8D2459EBEB0005A807 /* PBXContainerItemProxy */;
			sourceTree = BUILT_PRODUCTS_DIR;
		};
		5FDFEA902459EBEB0005A807 /* ResearchKitTests.xctest */ = {
			isa = PBXReferenceProxy;
			fileType = wrapper.cfbundle;
			path = ResearchKitTests.xctest;
			remoteRef = 5FDFEA8F2459EBEB0005A807 /* PBXContainerItemProxy */;
			sourceTree = BUILT_PRODUCTS_DIR;
		};
/* End PBXReferenceProxy section */

/* Begin PBXResourcesBuildPhase section */
		5F44957F2459EAB6002EBD38 /* Resources */ = {
			isa = PBXResourcesBuildPhase;
			buildActionMask = 2147483647;
			files = (
				5F4495912459EAB8002EBD38 /* LaunchScreen.storyboard in Resources */,
				5F44958E2459EAB8002EBD38 /* Assets.xcassets in Resources */,
				5F44958C2459EAB6002EBD38 /* Main.storyboard in Resources */,
			);
			runOnlyForDeploymentPostprocessing = 0;
		};
/* End PBXResourcesBuildPhase section */

/* Begin PBXSourcesBuildPhase section */
		5F44957D2459EAB6002EBD38 /* Sources */ = {
			isa = PBXSourcesBuildPhase;
			buildActionMask = 2147483647;
			files = (
				5F4495892459EAB6002EBD38 /* ViewController.swift in Sources */,
				5F4495852459EAB6002EBD38 /* AppDelegate.swift in Sources */,
				5F4495872459EAB6002EBD38 /* SceneDelegate.swift in Sources */,
			);
			runOnlyForDeploymentPostprocessing = 0;
		};
/* End PBXSourcesBuildPhase section */

/* Begin PBXTargetDependency section */
		5FDFEA972459ED820005A807 /* PBXTargetDependency */ = {
			isa = PBXTargetDependency;
			name = ResearchKit;
			targetProxy = 5FDFEA962459ED820005A807 /* PBXContainerItemProxy */;
		};
/* End PBXTargetDependency section */

/* Begin PBXVariantGroup section */
		5F44958A2459EAB6002EBD38 /* Main.storyboard */ = {
			isa = PBXVariantGroup;
			children = (
				5F44958B2459EAB6002EBD38 /* Base */,
			);
			name = Main.storyboard;
			sourceTree = "<group>";
		};
		5F44958F2459EAB8002EBD38 /* LaunchScreen.storyboard */ = {
			isa = PBXVariantGroup;
			children = (
				5F4495902459EAB8002EBD38 /* Base */,
			);
			name = LaunchScreen.storyboard;
			sourceTree = "<group>";
		};
/* End PBXVariantGroup section */

/* Begin XCBuildConfiguration section */
		5F4495932459EAB8002EBD38 /* Debug */ = {
			isa = XCBuildConfiguration;
			buildSettings = {
				ALWAYS_SEARCH_USER_PATHS = NO;
				CLANG_ANALYZER_NONNULL = YES;
				CLANG_ANALYZER_NUMBER_OBJECT_CONVERSION = YES_AGGRESSIVE;
				CLANG_CXX_LANGUAGE_STANDARD = "gnu++14";
				CLANG_CXX_LIBRARY = "libc++";
				CLANG_ENABLE_MODULES = YES;
				CLANG_ENABLE_OBJC_ARC = YES;
				CLANG_ENABLE_OBJC_WEAK = YES;
				CLANG_WARN_BLOCK_CAPTURE_AUTORELEASING = YES;
				CLANG_WARN_BOOL_CONVERSION = YES;
				CLANG_WARN_COMMA = YES;
				CLANG_WARN_CONSTANT_CONVERSION = YES;
				CLANG_WARN_DEPRECATED_OBJC_IMPLEMENTATIONS = YES;
				CLANG_WARN_DIRECT_OBJC_ISA_USAGE = YES_ERROR;
				CLANG_WARN_DOCUMENTATION_COMMENTS = YES;
				CLANG_WARN_EMPTY_BODY = YES;
				CLANG_WARN_ENUM_CONVERSION = YES;
				CLANG_WARN_INFINITE_RECURSION = YES;
				CLANG_WARN_INT_CONVERSION = YES;
				CLANG_WARN_NON_LITERAL_NULL_CONVERSION = YES;
				CLANG_WARN_OBJC_IMPLICIT_RETAIN_SELF = YES;
				CLANG_WARN_OBJC_LITERAL_CONVERSION = YES;
				CLANG_WARN_OBJC_ROOT_CLASS = YES_ERROR;
				CLANG_WARN_RANGE_LOOP_ANALYSIS = YES;
				CLANG_WARN_STRICT_PROTOTYPES = YES;
				CLANG_WARN_SUSPICIOUS_MOVE = YES;
				CLANG_WARN_UNGUARDED_AVAILABILITY = YES_AGGRESSIVE;
				CLANG_WARN_UNREACHABLE_CODE = YES;
				CLANG_WARN__DUPLICATE_METHOD_MATCH = YES;
				COPY_PHASE_STRIP = NO;
				DEBUG_INFORMATION_FORMAT = dwarf;
				ENABLE_STRICT_OBJC_MSGSEND = YES;
				ENABLE_TESTABILITY = YES;
				GCC_C_LANGUAGE_STANDARD = gnu11;
				GCC_DYNAMIC_NO_PIC = NO;
				GCC_NO_COMMON_BLOCKS = YES;
				GCC_OPTIMIZATION_LEVEL = 0;
				GCC_PREPROCESSOR_DEFINITIONS = (
					"DEBUG=1",
					"$(inherited)",
				);
				GCC_WARN_64_TO_32_BIT_CONVERSION = YES;
				GCC_WARN_ABOUT_RETURN_TYPE = YES_ERROR;
				GCC_WARN_UNDECLARED_SELECTOR = YES;
				GCC_WARN_UNINITIALIZED_AUTOS = YES_AGGRESSIVE;
				GCC_WARN_UNUSED_FUNCTION = YES;
				GCC_WARN_UNUSED_VARIABLE = YES;
				IPHONEOS_DEPLOYMENT_TARGET = 13.4;
				MTL_ENABLE_DEBUG_INFO = INCLUDE_SOURCE;
				MTL_FAST_MATH = YES;
				ONLY_ACTIVE_ARCH = YES;
				SDKROOT = iphoneos.internal;
				SWIFT_ACTIVE_COMPILATION_CONDITIONS = DEBUG;
				SWIFT_OPTIMIZATION_LEVEL = "-Onone";
			};
			name = Debug;
		};
		5F4495942459EAB8002EBD38 /* Release */ = {
			isa = XCBuildConfiguration;
			buildSettings = {
				ALWAYS_SEARCH_USER_PATHS = NO;
				CLANG_ANALYZER_NONNULL = YES;
				CLANG_ANALYZER_NUMBER_OBJECT_CONVERSION = YES_AGGRESSIVE;
				CLANG_CXX_LANGUAGE_STANDARD = "gnu++14";
				CLANG_CXX_LIBRARY = "libc++";
				CLANG_ENABLE_MODULES = YES;
				CLANG_ENABLE_OBJC_ARC = YES;
				CLANG_ENABLE_OBJC_WEAK = YES;
				CLANG_WARN_BLOCK_CAPTURE_AUTORELEASING = YES;
				CLANG_WARN_BOOL_CONVERSION = YES;
				CLANG_WARN_COMMA = YES;
				CLANG_WARN_CONSTANT_CONVERSION = YES;
				CLANG_WARN_DEPRECATED_OBJC_IMPLEMENTATIONS = YES;
				CLANG_WARN_DIRECT_OBJC_ISA_USAGE = YES_ERROR;
				CLANG_WARN_DOCUMENTATION_COMMENTS = YES;
				CLANG_WARN_EMPTY_BODY = YES;
				CLANG_WARN_ENUM_CONVERSION = YES;
				CLANG_WARN_INFINITE_RECURSION = YES;
				CLANG_WARN_INT_CONVERSION = YES;
				CLANG_WARN_NON_LITERAL_NULL_CONVERSION = YES;
				CLANG_WARN_OBJC_IMPLICIT_RETAIN_SELF = YES;
				CLANG_WARN_OBJC_LITERAL_CONVERSION = YES;
				CLANG_WARN_OBJC_ROOT_CLASS = YES_ERROR;
				CLANG_WARN_RANGE_LOOP_ANALYSIS = YES;
				CLANG_WARN_STRICT_PROTOTYPES = YES;
				CLANG_WARN_SUSPICIOUS_MOVE = YES;
				CLANG_WARN_UNGUARDED_AVAILABILITY = YES_AGGRESSIVE;
				CLANG_WARN_UNREACHABLE_CODE = YES;
				CLANG_WARN__DUPLICATE_METHOD_MATCH = YES;
				COPY_PHASE_STRIP = NO;
				DEBUG_INFORMATION_FORMAT = "dwarf-with-dsym";
				ENABLE_NS_ASSERTIONS = NO;
				ENABLE_STRICT_OBJC_MSGSEND = YES;
				GCC_C_LANGUAGE_STANDARD = gnu11;
				GCC_NO_COMMON_BLOCKS = YES;
				GCC_WARN_64_TO_32_BIT_CONVERSION = YES;
				GCC_WARN_ABOUT_RETURN_TYPE = YES_ERROR;
				GCC_WARN_UNDECLARED_SELECTOR = YES;
				GCC_WARN_UNINITIALIZED_AUTOS = YES_AGGRESSIVE;
				GCC_WARN_UNUSED_FUNCTION = YES;
				GCC_WARN_UNUSED_VARIABLE = YES;
				IPHONEOS_DEPLOYMENT_TARGET = 13.4;
				MTL_ENABLE_DEBUG_INFO = NO;
				MTL_FAST_MATH = YES;
				SDKROOT = iphoneos.internal;
				SWIFT_COMPILATION_MODE = wholemodule;
				SWIFT_OPTIMIZATION_LEVEL = "-O";
				VALIDATE_PRODUCT = YES;
			};
			name = Release;
		};
		5F4495962459EAB8002EBD38 /* Debug */ = {
			isa = XCBuildConfiguration;
			buildSettings = {
				ASSETCATALOG_COMPILER_APPICON_NAME = AppIcon;
				CODE_SIGN_STYLE = Automatic;
				INFOPLIST_FILE = ResearchKitClient/Info.plist;
				LD_RUNPATH_SEARCH_PATHS = (
					"$(inherited)",
					"@executable_path/Frameworks",
				);
				PRODUCT_BUNDLE_IDENTIFIER = com.apple.hai.ResearchKitClient;
				PRODUCT_NAME = "$(TARGET_NAME)";
				SWIFT_VERSION = 5.0;
				TARGETED_DEVICE_FAMILY = "1,2";
			};
			name = Debug;
		};
		5F4495972459EAB8002EBD38 /* Release */ = {
			isa = XCBuildConfiguration;
			buildSettings = {
				ASSETCATALOG_COMPILER_APPICON_NAME = AppIcon;
				CODE_SIGN_STYLE = Automatic;
				INFOPLIST_FILE = ResearchKitClient/Info.plist;
				LD_RUNPATH_SEARCH_PATHS = (
					"$(inherited)",
					"@executable_path/Frameworks",
				);
				PRODUCT_BUNDLE_IDENTIFIER = com.apple.hai.ResearchKitClient;
				PRODUCT_NAME = "$(TARGET_NAME)";
				SWIFT_VERSION = 5.0;
				TARGETED_DEVICE_FAMILY = "1,2";
			};
			name = Release;
		};
/* End XCBuildConfiguration section */

/* Begin XCConfigurationList section */
		5F44957C2459EAB6002EBD38 /* Build configuration list for PBXProject "ResearchKitClient" */ = {
			isa = XCConfigurationList;
			buildConfigurations = (
				5F4495932459EAB8002EBD38 /* Debug */,
				5F4495942459EAB8002EBD38 /* Release */,
			);
			defaultConfigurationIsVisible = 0;
			defaultConfigurationName = Release;
		};
		5F4495952459EAB8002EBD38 /* Build configuration list for PBXNativeTarget "ResearchKitClient" */ = {
			isa = XCConfigurationList;
			buildConfigurations = (
				5F4495962459EAB8002EBD38 /* Debug */,
				5F4495972459EAB8002EBD38 /* Release */,
			);
			defaultConfigurationIsVisible = 0;
			defaultConfigurationName = Release;
		};
/* End XCConfigurationList section */
	};
	rootObject = 5F4495792459EAB6002EBD38 /* Project object */;
}
